{
  "name": "aep-orchestration-lab",
  "lockfileVersion": 3,
  "requires": true,
  "packages": {
    "": {
      "name": "aep-orchestration-lab",
      "devDependencies": {
        "@adobe/spectrum-css-workflow-icons": "^5.0.0"
      },
      "engines": {
        "node": ">=22 <26",
        "npm": ">=10"
      }
    },
    "node_modules/@adobe/spectrum-css-workflow-icons": {
      "version": "5.0.0",
      "resolved": "https://registry.npmjs.org/@adobe/spectrum-css-workflow-icons/-/spectrum-css-workflow-icons-5.0.0.tgz",
      "integrity": "sha512-C6N97hnwG/ZqAPsMsrxakU8F/PH4w5EUdadQermIbmCHll1ZJYdG8BL1UGu5jMTunsZkZrDgLIf1XnAnxJQhgA==",
      "dev": true,
      "license": "Apache-2.0",
      "engines": {
        "node": ">=20"
      }
    }
  }
}
